
Microsoft Visual Studio Solution File, Format Version 12.00
# Visual Studio Version 17
VisualStudioVersion = 17.9.34616.47
MinimumVisualStudioVersion = 10.0.40219.1
Project("{FAE04EC0-301F-11D3-BF4B-00C04F79EFBC}") = "PizzaSalesAPI", "PizzaSales\PizzaSalesAPI.csproj", "{765E1A09-DC05-4AA5-A3A4-988B6C2CE18C}"
EndProject
Global
	GlobalSection(SolutionConfigurationPlatforms) = preSolution
		Debug|Any CPU = Debug|Any CPU
		Release|Any CPU = Release|Any CPU
	EndGlobalSection
	GlobalSection(ProjectConfigurationPlatforms) = postSolution
		{765E1A09-DC05-4AA5-A3A4-988B6C2CE18C}.Debug|Any CPU.ActiveCfg = Debug|Any CPU
		{765E1A09-DC05-4AA5-A3A4-988B6C2CE18C}.Debug|Any CPU.Build.0 = Debug|Any CPU
		{765E1A09-DC05-4AA5-A3A4-988B6C2CE18C}.Release|Any CPU.ActiveCfg = Release|Any CPU
		{765E1A09-DC05-4AA5-A3A4-988B6C2CE18C}.Release|Any CPU.Build.0 = Release|Any CPU
	EndGlobalSection
	GlobalSection(SolutionProperties) = preSolution
		HideSolutionNode = FALSE
	EndGlobalSection
	GlobalSection(ExtensibilityGlobals) = postSolution
		SolutionGuid = {EAD93E59-B738-4823-AD1A-11014EC21DF2}
	EndGlobalSection
EndGlobal
